
Microsoft Visual Studio Solution File, Format Version 12.00
# Visual Studio Version 16
VisualStudioVersion = 16.0.31515.178
MinimumVisualStudioVersion = 10.0.40219.1
Project("{9A19103F-16F7-4668-BE54-9A1E7A4F7556}") = "Evenbus", "Evenbus\Evenbus.csproj", "{B38218BD-6C79-4F69-B3E6-D7186E51CABD}"
EndProject
Project("{FAE04EC0-301F-11D3-BF4B-00C04F79EFBC}") = "EvenBus.Extensions", "EvenBus.Extensions\EvenBus.Extensions.csproj", "{AD63951C-06C1-4A94-ACB1-DC27CD743DD8}"
EndProject
Project("{FAE04EC0-301F-11D3-BF4B-00C04F79EFBC}") = "Common", "Common\Common.csproj", "{74BB51CC-7AD8-4EDC-B003-210200A1C626}"
EndProject
Global
	GlobalSection(SolutionConfigurationPlatforms) = preSolution
		Debug|Any CPU = Debug|Any CPU
		Release|Any CPU = Release|Any CPU
	EndGlobalSection
	GlobalSection(ProjectConfigurationPlatforms) = postSolution
		{B38218BD-6C79-4F69-B3E6-D7186E51CABD}.Debug|Any CPU.ActiveCfg = Debug|Any CPU
		{B38218BD-6C79-4F69-B3E6-D7186E51CABD}.Debug|Any CPU.Build.0 = Debug|Any CPU
		{B38218BD-6C79-4F69-B3E6-D7186E51CABD}.Release|Any CPU.ActiveCfg = Release|Any CPU
		{B38218BD-6C79-4F69-B3E6-D7186E51CABD}.Release|Any CPU.Build.0 = Release|Any CPU
		{AD63951C-06C1-4A94-ACB1-DC27CD743DD8}.Debug|Any CPU.ActiveCfg = Debug|Any CPU
		{AD63951C-06C1-4A94-ACB1-DC27CD743DD8}.Debug|Any CPU.Build.0 = Debug|Any CPU
		{AD63951C-06C1-4A94-ACB1-DC27CD743DD8}.Release|Any CPU.ActiveCfg = Release|Any CPU
		{AD63951C-06C1-4A94-ACB1-DC27CD743DD8}.Release|Any CPU.Build.0 = Release|Any CPU
		{74BB51CC-7AD8-4EDC-B003-210200A1C626}.Debug|Any CPU.ActiveCfg = Debug|Any CPU
		{74BB51CC-7AD8-4EDC-B003-210200A1C626}.Debug|Any CPU.Build.0 = Debug|Any CPU
		{74BB51CC-7AD8-4EDC-B003-210200A1C626}.Release|Any CPU.ActiveCfg = Release|Any CPU
		{74BB51CC-7AD8-4EDC-B003-210200A1C626}.Release|Any CPU.Build.0 = Release|Any CPU
	EndGlobalSection
	GlobalSection(SolutionProperties) = preSolution
		HideSolutionNode = FALSE
	EndGlobalSection
	GlobalSection(ExtensibilityGlobals) = postSolution
		SolutionGuid = {6D1AB173-2CB7-4055-81D2-62647245829B}
	EndGlobalSection
EndGlobal
